
Microsoft Visual Studio Solution File, Format Version 12.00
# Visual Studio Version 17
VisualStudioVersion = 17.8.34322.80
MinimumVisualStudioVersion = 10.0.40219.1
Project("{FAE04EC0-301F-11D3-BF4B-00C04F79EFBC}") = "BulkyWeb", "BulkyWeb\BulkyWeb.csproj", "{4FE1C62A-FBDB-4FBA-8374-5A737EB42368}"
EndProject
Global
	GlobalSection(SolutionConfigurationPlatforms) = preSolution
		Debug|Any CPU = Debug|Any CPU
		Release|Any CPU = Release|Any CPU
	EndGlobalSection
	GlobalSection(ProjectConfigurationPlatforms) = postSolution
		{4FE1C62A-FBDB-4FBA-8374-5A737EB42368}.Debug|Any CPU.ActiveCfg = Debug|Any CPU
		{4FE1C62A-FBDB-4FBA-8374-5A737EB42368}.Debug|Any CPU.Build.0 = Debug|Any CPU
		{4FE1C62A-FBDB-4FBA-8374-5A737EB42368}.Release|Any CPU.ActiveCfg = Release|Any CPU
		{4FE1C62A-FBDB-4FBA-8374-5A737EB42368}.Release|Any CPU.Build.0 = Release|Any CPU
	EndGlobalSection
	GlobalSection(SolutionProperties) = preSolution
		HideSolutionNode = FALSE
	EndGlobalSection
	GlobalSection(ExtensibilityGlobals) = postSolution
		SolutionGuid = {BBB71259-966D-489B-AE48-C147E3B4D1DA}
	EndGlobalSection
EndGlobal
